
Microsoft Visual Studio Solution File, Format Version 11.00
# Visual Studio 2010
Project("{FAE04EC0-301F-11D3-BF4B-00C04F79EFBC}") = "Assembly-CSharp", "Assembly-CSharp.csproj", "{2ED3A6A9-CEF1-3CD9-CC37-CF244B348322}"
EndProject
Project("{FAE04EC0-301F-11D3-BF4B-00C04F79EFBC}") = "Assembly-CSharp-firstpass", "Assembly-CSharp-firstpass.csproj", "{9255A44C-03C4-8BC0-DCB1-C03E41D35F37}"
EndProject
Project("{FAE04EC0-301F-11D3-BF4B-00C04F79EFBC}") = "Assembly-CSharp-Editor", "Assembly-CSharp-Editor.csproj", "{6F5E04A4-C9C0-6B12-583A-B6EA6C1DCAB2}"
EndProject
Global
	GlobalSection(SolutionConfigurationPlatforms) = preSolution
		Debug|Any CPU = Debug|Any CPU
		Release|Any CPU = Release|Any CPU
	EndGlobalSection
	GlobalSection(ProjectConfigurationPlatforms) = postSolution
		{2ED3A6A9-CEF1-3CD9-CC37-CF244B348322}.Debug|Any CPU.ActiveCfg = Debug|Any CPU
		{2ED3A6A9-CEF1-3CD9-CC37-CF244B348322}.Debug|Any CPU.Build.0 = Debug|Any CPU
		{2ED3A6A9-CEF1-3CD9-CC37-CF244B348322}.Release|Any CPU.ActiveCfg = Release|Any CPU
		{2ED3A6A9-CEF1-3CD9-CC37-CF244B348322}.Release|Any CPU.Build.0 = Release|Any CPU
		{9255A44C-03C4-8BC0-DCB1-C03E41D35F37}.Debug|Any CPU.ActiveCfg = Debug|Any CPU
		{9255A44C-03C4-8BC0-DCB1-C03E41D35F37}.Debug|Any CPU.Build.0 = Debug|Any CPU
		{9255A44C-03C4-8BC0-DCB1-C03E41D35F37}.Release|Any CPU.ActiveCfg = Release|Any CPU
		{9255A44C-03C4-8BC0-DCB1-C03E41D35F37}.Release|Any CPU.Build.0 = Release|Any CPU
		{6F5E04A4-C9C0-6B12-583A-B6EA6C1DCAB2}.Debug|Any CPU.ActiveCfg = Debug|Any CPU
		{6F5E04A4-C9C0-6B12-583A-B6EA6C1DCAB2}.Debug|Any CPU.Build.0 = Debug|Any CPU
		{6F5E04A4-C9C0-6B12-583A-B6EA6C1DCAB2}.Release|Any CPU.ActiveCfg = Release|Any CPU
		{6F5E04A4-C9C0-6B12-583A-B6EA6C1DCAB2}.Release|Any CPU.Build.0 = Release|Any CPU
	EndGlobalSection
	GlobalSection(SolutionProperties) = preSolution
		HideSolutionNode = FALSE
	EndGlobalSection
EndGlobal
